
Microsoft Visual Studio Solution File, Format Version 12.00
# Visual Studio Version 17
VisualStudioVersion = 17.6.33815.320
MinimumVisualStudioVersion = 10.0.40219.1
Project("{FAE04EC0-301F-11D3-BF4B-00C04F79EFBC}") = "ElevatorControl", "ElevatorControl\ElevatorControl.csproj", "{BD7A9718-8499-4687-9EE1-A49A3AA094FF}"
EndProject
Global
	GlobalSection(SolutionConfigurationPlatforms) = preSolution
		Debug|Any CPU = Debug|Any CPU
		Release|Any CPU = Release|Any CPU
	EndGlobalSection
	GlobalSection(ProjectConfigurationPlatforms) = postSolution
		{BD7A9718-8499-4687-9EE1-A49A3AA094FF}.Debug|Any CPU.ActiveCfg = Debug|Any CPU
		{BD7A9718-8499-4687-9EE1-A49A3AA094FF}.Debug|Any CPU.Build.0 = Debug|Any CPU
		{BD7A9718-8499-4687-9EE1-A49A3AA094FF}.Release|Any CPU.ActiveCfg = Release|Any CPU
		{BD7A9718-8499-4687-9EE1-A49A3AA094FF}.Release|Any CPU.Build.0 = Release|Any CPU
	EndGlobalSection
	GlobalSection(SolutionProperties) = preSolution
		HideSolutionNode = FALSE
	EndGlobalSection
	GlobalSection(ExtensibilityGlobals) = postSolution
		SolutionGuid = {75FD37C9-9B8D-437D-AC32-8341556E8572}
	EndGlobalSection
EndGlobal
